{
  "name": "ses.app",
  "version": "1.0.0",
  "lockfileVersion": 3,
  "requires": true,
  "packages": {
    "": {
      "name": "ses.app",
      "version": "1.0.0",
      "devDependencies": {
        "@sap/ux-ui5-tooling": "*"
      }
    },
    "node_modules/@sap/ux-ui5-tooling": {
      "version": "1.25.0",
      "resolved": "https://registry.npmjs.org/@sap/ux-ui5-tooling/-/ux-ui5-tooling-1.25.0.tgz",
      "integrity": "sha512-D0nRtni7jZtJMM4j8DgETbPIqyf5utyKSlKvDPSEsAhwdHnT+I55auj6dp5QdUnp1qERaBiHu/L4rErmkyPAaQ==",
      "dev": true,
      "license": "SEE LICENSE IN LICENSE",
      "bin": {
        "fiori": "bin/fiori.cjs"
      }
    }
  }
}
